// !$*UTF8*$!
{
	archiveVersion = 1;
	classes = {
	};
	objectVersion = 50;
	objects = {

/* Begin PBXBuildFile section */
		7CDA8FCE24E83E5200382B4F /* AppDelegate.swift in Sources */ = {isa = PBXBuildFile; fileRef = 7CDA8FCD24E83E5200382B4F /* AppDelegate.swift */; };
		7CDA8FD024E83E5200382B4F /* SceneDelegate.swift in Sources */ = {isa = PBXBuildFile; fileRef = 7CDA8FCF24E83E5200382B4F /* SceneDelegate.swift */; };
		7CDA8FD324E83E5200382B4F /* demoCore.xcdatamodeld in Sources */ = {isa = PBXBuildFile; fileRef = 7CDA8FD124E83E5200382B4F /* demoCore.xcdatamodeld */; };
		7CDA8FD524E83E5200382B4F /* ContentView.swift in Sources */ = {isa = PBXBuildFile; fileRef = 7CDA8FD424E83E5200382B4F /* ContentView.swift */; };
		7CDA8FD724E83E5300382B4F /* Assets.xcassets in Resources */ = {isa = PBXBuildFile; fileRef = 7CDA8FD624E83E5300382B4F /* Assets.xcassets */; };
		7CDA8FDA24E83E5300382B4F /* Preview Assets.xcassets in Resources */ = {isa = PBXBuildFile; fileRef = 7CDA8FD924E83E5300382B4F /* Preview Assets.xcassets */; };
		7CDA8FDD24E83E5300382B4F /* LaunchScreen.storyboard in Resources */ = {isa = PBXBuildFile; fileRef = 7CDA8FDB24E83E5300382B4F /* LaunchScreen.storyboard */; };
		7CDA8FE824E83E5300382B4F /* demoCoreTests.swift in Sources */ = {isa = PBXBuildFile; fileRef = 7CDA8FE724E83E5300382B4F /* demoCoreTests.swift */; };
		7CDA8FF324E83E5300382B4F /* demoCoreUITests.swift in Sources */ = {isa = PBXBuildFile; fileRef = 7CDA8FF224E83E5300382B4F /* demoCoreUITests.swift */; };
		7CDA900124E85CCE00382B4F /* toDoView.swift in Sources */ = {isa = PBXBuildFile; fileRef = 7CDA900024E85CCE00382B4F /* toDoView.swift */; };
/* End PBXBuildFile section */

/* Begin PBXContainerItemProxy section */
		7CDA8FE424E83E5300382B4F /* PBXContainerItemProxy */ = {
			isa = PBXContainerItemProxy;
			containerPortal = 7CDA8FC224E83E5100382B4F /* Project object */;
			proxyType = 1;
			remoteGlobalIDString = 7CDA8FC924E83E5100382B4F;
			remoteInfo = demoCore;
		};
		7CDA8FEF24E83E5300382B4F /* PBXContainerItemProxy */ = {
			isa = PBXContainerItemProxy;
			containerPortal = 7CDA8FC224E83E5100382B4F /* Project object */;
			proxyType = 1;
			remoteGlobalIDString = 7CDA8FC924E83E5100382B4F;
			remoteInfo = demoCore;
		};
/* End PBXContainerItemProxy section */

/* Begin PBXFileReference section */
		7CDA8FCA24E83E5200382B4F /* demoCore.app */ = {isa = PBXFileReference; explicitFileType = wrapper.application; includeInIndex = 0; path = demoCore.app; sourceTree = BUILT_PRODUCTS_DIR; };
		7CDA8FCD24E83E5200382B4F /* AppDelegate.swift */ = {isa = PBXFileReference; lastKnownFileType = sourcecode.swift; path = AppDelegate.swift; sourceTree = "<group>"; };
		7CDA8FCF24E83E5200382B4F /* SceneDelegate.swift */ = {isa = PBXFileReference; lastKnownFileType = sourcecode.swift; path = SceneDelegate.swift; sourceTree = "<group>"; };
		7CDA8FD224E83E5200382B4F /* demoCore.xcdatamodel */ = {isa = PBXFileReference; lastKnownFileType = wrapper.xcdatamodel; path = demoCore.xcdatamodel; sourceTree = "<group>"; };
		7CDA8FD424E83E5200382B4F /* ContentView.swift */ = {isa = PBXFileReference; lastKnownFileType = sourcecode.swift; path = ContentView.swift; sourceTree = "<group>"; };
		7CDA8FD624E83E5300382B4F /* Assets.xcassets */ = {isa = PBXFileReference; lastKnownFileType = folder.assetcatalog; path = Assets.xcassets; sourceTree = "<group>"; };
		7CDA8FD924E83E5300382B4F /* Preview Assets.xcassets */ = {isa = PBXFileReference; lastKnownFileType = folder.assetcatalog; path = "Preview Assets.xcassets"; sourceTree = "<group>"; };
		7CDA8FDC24E83E5300382B4F /* Base */ = {isa = PBXFileReference; lastKnownFileType = file.storyboard; name = Base; path = Base.lproj/LaunchScreen.storyboard; sourceTree = "<group>"; };
		7CDA8FDE24E83E5300382B4F /* Info.plist */ = {isa = PBXFileReference; lastKnownFileType = text.plist.xml; path = Info.plist; sourceTree = "<group>"; };
		7CDA8FE324E83E5300382B4F /* demoCoreTests.xctest */ = {isa = PBXFileReference; explicitFileType = wrapper.cfbundle; includeInIndex = 0; path = demoCoreTests.xctest; sourceTree = BUILT_PRODUCTS_DIR; };
		7CDA8FE724E83E5300382B4F /* demoCoreTests.swift */ = {isa = PBXFileReference; lastKnownFileType = sourcecode.swift; path = demoCoreTests.swift; sourceTree = "<group>"; };
		7CDA8FE924E83E5300382B4F /* Info.plist */ = {isa = PBXFileReference; lastKnownFileType = text.plist.xml; path = Info.plist; sourceTree = "<group>"; };
		7CDA8FEE24E83E5300382B4F /* demoCoreUITests.xctest */ = {isa = PBXFileReference; explicitFileType = wrapper.cfbundle; includeInIndex = 0; path = demoCoreUITests.xctest; sourceTree = BUILT_PRODUCTS_DIR; };
		7CDA8FF224E83E5300382B4F /* demoCoreUITests.swift */ = {isa = PBXFileReference; lastKnownFileType = sourcecode.swift; path = demoCoreUITests.swift; sourceTree = "<group>"; };
		7CDA8FF424E83E5300382B4F /* Info.plist */ = {isa = PBXFileReference; lastKnownFileType = text.plist.xml; path = Info.plist; sourceTree = "<group>"; };
		7CDA900024E85CCE00382B4F /* toDoView.swift */ = {isa = PBXFileReference; lastKnownFileType = sourcecode.swift; path = toDoView.swift; sourceTree = "<group>"; };
/* End PBXFileReference section */

/* Begin PBXFrameworksBuildPhase section */
		7CDA8FC724E83E5100382B4F /* Frameworks */ = {
			isa = PBXFrameworksBuildPhase;
			buildActionMask = 2147483647;
			files = (
			);
			runOnlyForDeploymentPostprocessing = 0;
		};
		7CDA8FE024E83E5300382B4F /* Frameworks */ = {
			isa = PBXFrameworksBuildPhase;
			buildActionMask = 2147483647;
			files = (
			);
			runOnlyForDeploymentPostprocessing = 0;
		};
		7CDA8FEB24E83E5300382B4F /* Frameworks */ = {
			isa = PBXFrameworksBuildPhase;
			buildActionMask = 2147483647;
			files = (
			);
			runOnlyForDeploymentPostprocessing = 0;
		};
/* End PBXFrameworksBuildPhase section */

/* Begin PBXGroup section */
		7CDA8FC124E83E5100382B4F = {
			isa = PBXGroup;
			children = (
				7CDA8FCC24E83E5200382B4F /* demoCore */,
				7CDA8FE624E83E5300382B4F /* demoCoreTests */,
				7CDA8FF124E83E5300382B4F /* demoCoreUITests */,
				7CDA8FCB24E83E5200382B4F /* Products */,
			);
			sourceTree = "<group>";
		};
		7CDA8FCB24E83E5200382B4F /* Products */ = {
			isa = PBXGroup;
			children = (
				7CDA8FCA24E83E5200382B4F /* demoCore.app */,
				7CDA8FE324E83E5300382B4F /* demoCoreTests.xctest */,
				7CDA8FEE24E83E5300382B4F /* demoCoreUITests.xctest */,
			);
			name = Products;
			sourceTree = "<group>";
		};
		7CDA8FCC24E83E5200382B4F /* demoCore */ = {
			isa = PBXGroup;
			children = (
				7CDA8FCD24E83E5200382B4F /* AppDelegate.swift */,
				7CDA8FCF24E83E5200382B4F /* SceneDelegate.swift */,
				7CDA8FD424E83E5200382B4F /* ContentView.swift */,
				7CDA900024E85CCE00382B4F /* toDoView.swift */,
				7CDA8FD624E83E5300382B4F /* Assets.xcassets */,
				7CDA8FDB24E83E5300382B4F /* LaunchScreen.storyboard */,
				7CDA8FDE24E83E5300382B4F /* Info.plist */,
				7CDA8FD124E83E5200382B4F /* demoCore.xcdatamodeld */,
				7CDA8FD824E83E5300382B4F /* Preview Content */,
			);
			path = demoCore;
			sourceTree = "<group>";
		};
		7CDA8FD824E83E5300382B4F /* Preview Content */ = {
			isa = PBXGroup;
			children = (
				7CDA8FD924E83E5300382B4F /* Preview Assets.xcassets */,
			);
			path = "Preview Content";
			sourceTree = "<group>";
		};
		7CDA8FE624E83E5300382B4F /* demoCoreTests */ = {
			isa = PBXGroup;
			children = (
				7CDA8FE724E83E5300382B4F /* demoCoreTests.swift */,
				7CDA8FE924E83E5300382B4F /* Info.plist */,
			);
			path = demoCoreTests;
			sourceTree = "<group>";
		};
		7CDA8FF124E83E5300382B4F /* demoCoreUITests */ = {
			isa = PBXGroup;
			children = (
				7CDA8FF224E83E5300382B4F /* demoCoreUITests.swift */,
				7CDA8FF424E83E5300382B4F /* Info.plist */,
			);
			path = demoCoreUITests;
			sourceTree = "<group>";
		};
/* End PBXGroup section */

/* Begin PBXNativeTarget section */
		7CDA8FC924E83E5100382B4F /* demoCore */ = {
			isa = PBXNativeTarget;
			buildConfigurationList = 7CDA8FF724E83E5300382B4F /* Build configuration list for PBXNativeTarget "demoCore" */;
			buildPhases = (
				7CDA8FC624E83E5100382B4F /* Sources */,
				7CDA8FC724E83E5100382B4F /* Frameworks */,
				7CDA8FC824E83E5100382B4F /* Resources */,
			);
			buildRules = (
			);
			dependencies = (
			);
			name = demoCore;
			productName = demoCore;
			productReference = 7CDA8FCA24E83E5200382B4F /* demoCore.app */;
			productType = "com.apple.product-type.application";
		};
		7CDA8FE224E83E5300382B4F /* demoCoreTests */ = {
			isa = PBXNativeTarget;
			buildConfigurationList = 7CDA8FFA24E83E5300382B4F /* Build configuration list for PBXNativeTarget "demoCoreTests" */;
			buildPhases = (
				7CDA8FDF24E83E5300382B4F /* Sources */,
				7CDA8FE024E83E5300382B4F /* Frameworks */,
				7CDA8FE124E83E5300382B4F /* Resources */,
			);
			buildRules = (
			);
			dependencies = (
				7CDA8FE524E83E5300382B4F /* PBXTargetDependency */,
			);
			name = demoCoreTests;
			productName = demoCoreTests;
			productReference = 7CDA8FE324E83E5300382B4F /* demoCoreTests.xctest */;
			productType = "com.apple.product-type.bundle.unit-test";
		};
		7CDA8FED24E83E5300382B4F /* demoCoreUITests */ = {
			isa = PBXNativeTarget;
			buildConfigurationList = 7CDA8FFD24E83E5300382B4F /* Build configuration list for PBXNativeTarget "demoCoreUITests" */;
			buildPhases = (
				7CDA8FEA24E83E5300382B4F /* Sources */,
				7CDA8FEB24E83E5300382B4F /* Frameworks */,
				7CDA8FEC24E83E5300382B4F /* Resources */,
			);
			buildRules = (
			);
			dependencies = (
				7CDA8FF024E83E5300382B4F /* PBXTargetDependency */,
			);
			name = demoCoreUITests;
			productName = demoCoreUITests;
			productReference = 7CDA8FEE24E83E5300382B4F /* demoCoreUITests.xctest */;
			productType = "com.apple.product-type.bundle.ui-testing";
		};
/* End PBXNativeTarget section */

/* Begin PBXProject section */
		7CDA8FC224E83E5100382B4F /* Project object */ = {
			isa = PBXProject;
			attributes = {
				LastSwiftUpdateCheck = 1160;
				LastUpgradeCheck = 1160;
				ORGANIZATIONNAME = "Fei Yun";
				TargetAttributes = {
					7CDA8FC924E83E5100382B4F = {
						CreatedOnToolsVersion = 11.6;
					};
					7CDA8FE224E83E5300382B4F = {
						CreatedOnToolsVersion = 11.6;
						TestTargetID = 7CDA8FC924E83E5100382B4F;
					};
					7CDA8FED24E83E5300382B4F = {
						CreatedOnToolsVersion = 11.6;
						TestTargetID = 7CDA8FC924E83E5100382B4F;
					};
				};
			};
			buildConfigurationList = 7CDA8FC524E83E5100382B4F /* Build configuration list for PBXProject "demoCore" */;
			compatibilityVersion = "Xcode 9.3";
			developmentRegion = en;
			hasScannedForEncodings = 0;
			knownRegions = (
				en,
				Base,
			);
			mainGroup = 7CDA8FC124E83E5100382B4F;
			productRefGroup = 7CDA8FCB24E83E5200382B4F /* Products */;
			projectDirPath = "";
			projectRoot = "";
			targets = (
				7CDA8FC924E83E5100382B4F /* demoCore */,
				7CDA8FE224E83E5300382B4F /* demoCoreTests */,
				7CDA8FED24E83E5300382B4F /* demoCoreUITests */,
			);
		};
/* End PBXProject section */

/* Begin PBXResourcesBuildPhase section */
		7CDA8FC824E83E5100382B4F /* Resources */ = {
			isa = PBXResourcesBuildPhase;
			buildActionMask = 2147483647;
			files = (
				7CDA8FDD24E83E5300382B4F /* LaunchScreen.storyboard in Resources */,
				7CDA8FDA24E83E5300382B4F /* Preview Assets.xcassets in Resources */,
				7CDA8FD724E83E5300382B4F /* Assets.xcassets in Resources */,
			);
			runOnlyForDeploymentPostprocessing = 0;
		};
		7CDA8FE124E83E5300382B4F /* Resources */ = {
			isa = PBXResourcesBuildPhase;
			buildActionMask = 2147483647;
			files = (
			);
			runOnlyForDeploymentPostprocessing = 0;
		};
		7CDA8FEC24E83E5300382B4F /* Resources */ = {
			isa = PBXResourcesBuildPhase;
			buildActionMask = 2147483647;
			files = (
			);
			runOnlyForDeploymentPostprocessing = 0;
		};
/* End PBXResourcesBuildPhase section */

/* Begin PBXSourcesBuildPhase section */
		7CDA8FC624E83E5100382B4F /* Sources */ = {
			isa = PBXSourcesBuildPhase;
			buildActionMask = 2147483647;
			files = (
				7CDA8FCE24E83E5200382B4F /* AppDelegate.swift in Sources */,
				7CDA8FD024E83E5200382B4F /* SceneDelegate.swift in Sources */,
				7CDA8FD524E83E5200382B4F /* ContentView.swift in Sources */,
				7CDA900124E85CCE00382B4F /* toDoView.swift in Sources */,
				7CDA8FD324E83E5200382B4F /* demoCore.xcdatamodeld in Sources */,
			);
			runOnlyForDeploymentPostprocessing = 0;
		};
		7CDA8FDF24E83E5300382B4F /* Sources */ = {
			isa = PBXSourcesBuildPhase;
			buildActionMask = 2147483647;
			files = (
				7CDA8FE824E83E5300382B4F /* demoCoreTests.swift in Sources */,
			);
			runOnlyForDeploymentPostprocessing = 0;
		};
		7CDA8FEA24E83E5300382B4F /* Sources */ = {
			isa = PBXSourcesBuildPhase;
			buildActionMask = 2147483647;
			files = (
				7CDA8FF324E83E5300382B4F /* demoCoreUITests.swift in Sources */,
			);
			runOnlyForDeploymentPostprocessing = 0;
		};
/* End PBXSourcesBuildPhase section */

/* Begin PBXTargetDependency section */
		7CDA8FE524E83E5300382B4F /* PBXTargetDependency */ = {
			isa = PBXTargetDependency;
			target = 7CDA8FC924E83E5100382B4F /* demoCore */;
			targetProxy = 7CDA8FE424E83E5300382B4F /* PBXContainerItemProxy */;
		};
		7CDA8FF024E83E5300382B4F /* PBXTargetDependency */ = {
			isa = PBXTargetDependency;
			target = 7CDA8FC924E83E5100382B4F /* demoCore */;
			targetProxy = 7CDA8FEF24E83E5300382B4F /* PBXContainerItemProxy */;
		};
/* End PBXTargetDependency section */

/* Begin PBXVariantGroup section */
		7CDA8FDB24E83E5300382B4F /* LaunchScreen.storyboard */ = {
			isa = PBXVariantGroup;
			children = (
				7CDA8FDC24E83E5300382B4F /* Base */,
			);
			name = LaunchScreen.storyboard;
			sourceTree = "<group>";
		};
/* End PBXVariantGroup section */

/* Begin XCBuildConfiguration section */
		7CDA8FF524E83E5300382B4F /* Debug */ = {
			isa = XCBuildConfiguration;
			buildSettings = {
				ALWAYS_SEARCH_USER_PATHS = NO;
				CLANG_ANALYZER_NONNULL = YES;
				CLANG_ANALYZER_NUMBER_OBJECT_CONVERSION = YES_AGGRESSIVE;
				CLANG_CXX_LANGUAGE_STANDARD = "gnu++14";
				CLANG_CXX_LIBRARY = "libc++";
				CLANG_ENABLE_MODULES = YES;
				CLANG_ENABLE_OBJC_ARC = YES;
				CLANG_ENABLE_OBJC_WEAK = YES;
				CLANG_WARN_BLOCK_CAPTURE_AUTORELEASING = YES;
				CLANG_WARN_BOOL_CONVERSION = YES;
				CLANG_WARN_COMMA = YES;
				CLANG_WARN_CONSTANT_CONVERSION = YES;
				CLANG_WARN_DEPRECATED_OBJC_IMPLEMENTATIONS = YES;
				CLANG_WARN_DIRECT_OBJC_ISA_USAGE = YES_ERROR;
				CLANG_WARN_DOCUMENTATION_COMMENTS = YES;
				CLANG_WARN_EMPTY_BODY = YES;
				CLANG_WARN_ENUM_CONVERSION = YES;
				CLANG_WARN_INFINITE_RECURSION = YES;
				CLANG_WARN_INT_CONVERSION = YES;
				CLANG_WARN_NON_LITERAL_NULL_CONVERSION = YES;
				CLANG_WARN_OBJC_IMPLICIT_RETAIN_SELF = YES;
				CLANG_WARN_OBJC_LITERAL_CONVERSION = YES;
				CLANG_WARN_OBJC_ROOT_CLASS = YES_ERROR;
				CLANG_WARN_RANGE_LOOP_ANALYSIS = YES;
				CLANG_WARN_STRICT_PROTOTYPES = YES;
				CLANG_WARN_SUSPICIOUS_MOVE = YES;
				CLANG_WARN_UNGUARDED_AVAILABILITY = YES_AGGRESSIVE;
				CLANG_WARN_UNREACHABLE_CODE = YES;
				CLANG_WARN__DUPLICATE_METHOD_MATCH = YES;
				COPY_PHASE_STRIP = NO;
				DEBUG_INFORMATION_FORMAT = dwarf;
				ENABLE_STRICT_OBJC_MSGSEND = YES;
				ENABLE_TESTABILITY = YES;
				GCC_C_LANGUAGE_STANDARD = gnu11;
				GCC_DYNAMIC_NO_PIC = NO;
				GCC_NO_COMMON_BLOCKS = YES;
				GCC_OPTIMIZATION_LEVEL = 0;
				GCC_PREPROCESSOR_DEFINITIONS = (
					"DEBUG=1",
					"$(inherited)",
				);
				GCC_WARN_64_TO_32_BIT_CONVERSION = YES;
				GCC_WARN_ABOUT_RETURN_TYPE = YES_ERROR;
				GCC_WARN_UNDECLARED_SELECTOR = YES;
				GCC_WARN_UNINITIALIZED_AUTOS = YES_AGGRESSIVE;
				GCC_WARN_UNUSED_FUNCTION = YES;
				GCC_WARN_UNUSED_VARIABLE = YES;
				IPHONEOS_DEPLOYMENT_TARGET = 13.6;
				MTL_ENABLE_DEBUG_INFO = INCLUDE_SOURCE;
				MTL_FAST_MATH = YES;
				ONLY_ACTIVE_ARCH = YES;
				SDKROOT = iphoneos;
				SWIFT_ACTIVE_COMPILATION_CONDITIONS = DEBUG;
				SWIFT_OPTIMIZATION_LEVEL = "-Onone";
			};
			name = Debug;
		};
		7CDA8FF624E83E5300382B4F /* Release */ = {
			isa = XCBuildConfiguration;
			buildSettings = {
				ALWAYS_SEARCH_USER_PATHS = NO;
				CLANG_ANALYZER_NONNULL = YES;
				CLANG_ANALYZER_NUMBER_OBJECT_CONVERSION = YES_AGGRESSIVE;
				CLANG_CXX_LANGUAGE_STANDARD = "gnu++14";
				CLANG_CXX_LIBRARY = "libc++";
				CLANG_ENABLE_MODULES = YES;
				CLANG_ENABLE_OBJC_ARC = YES;
				CLANG_ENABLE_OBJC_WEAK = YES;
				CLANG_WARN_BLOCK_CAPTURE_AUTORELEASING = YES;
				CLANG_WARN_BOOL_CONVERSION = YES;
				CLANG_WARN_COMMA = YES;
				CLANG_WARN_CONSTANT_CONVERSION = YES;
				CLANG_WARN_DEPRECATED_OBJC_IMPLEMENTATIONS = YES;
				CLANG_WARN_DIRECT_OBJC_ISA_USAGE = YES_ERROR;
				CLANG_WARN_DOCUMENTATION_COMMENTS = YES;
				CLANG_WARN_EMPTY_BODY = YES;
				CLANG_WARN_ENUM_CONVERSION = YES;
				CLANG_WARN_INFINITE_RECURSION = YES;
				CLANG_WARN_INT_CONVERSION = YES;
				CLANG_WARN_NON_LITERAL_NULL_CONVERSION = YES;
				CLANG_WARN_OBJC_IMPLICIT_RETAIN_SELF = YES;
				CLANG_WARN_OBJC_LITERAL_CONVERSION = YES;
				CLANG_WARN_OBJC_ROOT_CLASS = YES_ERROR;
				CLANG_WARN_RANGE_LOOP_ANALYSIS = YES;
				CLANG_WARN_STRICT_PROTOTYPES = YES;
				CLANG_WARN_SUSPICIOUS_MOVE = YES;
				CLANG_WARN_UNGUARDED_AVAILABILITY = YES_AGGRESSIVE;
				CLANG_WARN_UNREACHABLE_CODE = YES;
				CLANG_WARN__DUPLICATE_METHOD_MATCH = YES;
				COPY_PHASE_STRIP = NO;
				DEBUG_INFORMATION_FORMAT = "dwarf-with-dsym";
				ENABLE_NS_ASSERTIONS = NO;
				ENABLE_STRICT_OBJC_MSGSEND = YES;
				GCC_C_LANGUAGE_STANDARD = gnu11;
				GCC_NO_COMMON_BLOCKS = YES;
				GCC_WARN_64_TO_32_BIT_CONVERSION = YES;
				GCC_WARN_ABOUT_RETURN_TYPE = YES_ERROR;
				GCC_WARN_UNDECLARED_SELECTOR = YES;
				GCC_WARN_UNINITIALIZED_AUTOS = YES_AGGRESSIVE;
				GCC_WARN_UNUSED_FUNCTION = YES;
				GCC_WARN_UNUSED_VARIABLE = YES;
				IPHONEOS_DEPLOYMENT_TARGET = 13.6;
				MTL_ENABLE_DEBUG_INFO = NO;
				MTL_FAST_MATH = YES;
				SDKROOT = iphoneos;
				SWIFT_COMPILATION_MODE = wholemodule;
				SWIFT_OPTIMIZATION_LEVEL = "-O";
				VALIDATE_PRODUCT = YES;
			};
			name = Release;
		};
		7CDA8FF824E83E5300382B4F /* Debug */ = {
			isa = XCBuildConfiguration;
			buildSettings = {
				ASSETCATALOG_COMPILER_APPICON_NAME = AppIcon;
				CODE_SIGN_STYLE = Automatic;
				DEVELOPMENT_ASSET_PATHS = "\"demoCore/Preview Content\"";
				ENABLE_PREVIEWS = YES;
				INFOPLIST_FILE = demoCore/Info.plist;
				LD_RUNPATH_SEARCH_PATHS = (
					"$(inherited)",
					"@executable_path/Frameworks",
				);
				PRODUCT_BUNDLE_IDENTIFIER = com.demoCore;
				PRODUCT_NAME = "$(TARGET_NAME)";
				SWIFT_VERSION = 5.0;
				TARGETED_DEVICE_FAMILY = "1,2";
			};
			name = Debug;
		};
		7CDA8FF924E83E5300382B4F /* Release */ = {
			isa = XCBuildConfiguration;
			buildSettings = {
				ASSETCATALOG_COMPILER_APPICON_NAME = AppIcon;
				CODE_SIGN_STYLE = Automatic;
				DEVELOPMENT_ASSET_PATHS = "\"demoCore/Preview Content\"";
				ENABLE_PREVIEWS = YES;
				INFOPLIST_FILE = demoCore/Info.plist;
				LD_RUNPATH_SEARCH_PATHS = (
					"$(inherited)",
					"@executable_path/Frameworks",
				);
				PRODUCT_BUNDLE_IDENTIFIER = com.demoCore;
				PRODUCT_NAME = "$(TARGET_NAME)";
				SWIFT_VERSION = 5.0;
				TARGETED_DEVICE_FAMILY = "1,2";
			};
			name = Release;
		};
		7CDA8FFB24E83E5300382B4F /* Debug */ = {
			isa = XCBuildConfiguration;
			buildSettings = {
				ALWAYS_EMBED_SWIFT_STANDARD_LIBRARIES = YES;
				BUNDLE_LOADER = "$(TEST_HOST)";
				CODE_SIGN_STYLE = Automatic;
				INFOPLIST_FILE = demoCoreTests/Info.plist;
				IPHONEOS_DEPLOYMENT_TARGET = 13.6;
				LD_RUNPATH_SEARCH_PATHS = (
					"$(inherited)",
					"@executable_path/Frameworks",
					"@loader_path/Frameworks",
				);
				PRODUCT_BUNDLE_IDENTIFIER = com.demoCoreTests;
				PRODUCT_NAME = "$(TARGET_NAME)";
				SWIFT_VERSION = 5.0;
				TARGETED_DEVICE_FAMILY = "1,2";
				TEST_HOST = "$(BUILT_PRODUCTS_DIR)/demoCore.app/demoCore";
			};
			name = Debug;
		};
		7CDA8FFC24E83E5300382B4F /* Release */ = {
			isa = XCBuildConfiguration;
			buildSettings = {
				ALWAYS_EMBED_SWIFT_STANDARD_LIBRARIES = YES;
				BUNDLE_LOADER = "$(TEST_HOST)";
				CODE_SIGN_STYLE = Automatic;
				INFOPLIST_FILE = demoCoreTests/Info.plist;
				IPHONEOS_DEPLOYMENT_TARGET = 13.6;
				LD_RUNPATH_SEARCH_PATHS = (
					"$(inherited)",
					"@executable_path/Frameworks",
					"@loader_path/Frameworks",
				);
				PRODUCT_BUNDLE_IDENTIFIER = com.demoCoreTests;
				PRODUCT_NAME = "$(TARGET_NAME)";
				SWIFT_VERSION = 5.0;
				TARGETED_DEVICE_FAMILY = "1,2";
				TEST_HOST = "$(BUILT_PRODUCTS_DIR)/demoCore.app/demoCore";
			};
			name = Release;
		};
		7CDA8FFE24E83E5300382B4F /* Debug */ = {
			isa = XCBuildConfiguration;
			buildSettings = {
				ALWAYS_EMBED_SWIFT_STANDARD_LIBRARIES = YES;
				CODE_SIGN_STYLE = Automatic;
				INFOPLIST_FILE = demoCoreUITests/Info.plist;
				LD_RUNPATH_SEARCH_PATHS = (
					"$(inherited)",
					"@executable_path/Frameworks",
					"@loader_path/Frameworks",
				);
				PRODUCT_BUNDLE_IDENTIFIER = com.demoCoreUITests;
				PRODUCT_NAME = "$(TARGET_NAME)";
				SWIFT_VERSION = 5.0;
				TARGETED_DEVICE_FAMILY = "1,2";
				TEST_TARGET_NAME = demoCore;
			};
			name = Debug;
		};
		7CDA8FFF24E83E5300382B4F /* Release */ = {
			isa = XCBuildConfiguration;
			buildSettings = {
				ALWAYS_EMBED_SWIFT_STANDARD_LIBRARIES = YES;
				CODE_SIGN_STYLE = Automatic;
				INFOPLIST_FILE = demoCoreUITests/Info.plist;
				LD_RUNPATH_SEARCH_PATHS = (
					"$(inherited)",
					"@executable_path/Frameworks",
					"@loader_path/Frameworks",
				);
				PRODUCT_BUNDLE_IDENTIFIER = com.demoCoreUITests;
				PRODUCT_NAME = "$(TARGET_NAME)";
				SWIFT_VERSION = 5.0;
				TARGETED_DEVICE_FAMILY = "1,2";
				TEST_TARGET_NAME = demoCore;
			};
			name = Release;
		};
/* End XCBuildConfiguration section */

/* Begin XCConfigurationList section */
		7CDA8FC524E83E5100382B4F /* Build configuration list for PBXProject "demoCore" */ = {
			isa = XCConfigurationList;
			buildConfigurations = (
				7CDA8FF524E83E5300382B4F /* Debug */,
				7CDA8FF624E83E5300382B4F /* Release */,
			);
			defaultConfigurationIsVisible = 0;
			defaultConfigurationName = Release;
		};
		7CDA8FF724E83E5300382B4F /* Build configuration list for PBXNativeTarget "demoCore" */ = {
			isa = XCConfigurationList;
			buildConfigurations = (
				7CDA8FF824E83E5300382B4F /* Debug */,
				7CDA8FF924E83E5300382B4F /* Release */,
			);
			defaultConfigurationIsVisible = 0;
			defaultConfigurationName = Release;
		};
		7CDA8FFA24E83E5300382B4F /* Build configuration list for PBXNativeTarget "demoCoreTests" */ = {
			isa = XCConfigurationList;
			buildConfigurations = (
				7CDA8FFB24E83E5300382B4F /* Debug */,
				7CDA8FFC24E83E5300382B4F /* Release */,
			);
			defaultConfigurationIsVisible = 0;
			defaultConfigurationName = Release;
		};
		7CDA8FFD24E83E5300382B4F /* Build configuration list for PBXNativeTarget "demoCoreUITests" */ = {
			isa = XCConfigurationList;
			buildConfigurations = (
				7CDA8FFE24E83E5300382B4F /* Debug */,
				7CDA8FFF24E83E5300382B4F /* Release */,
			);
			defaultConfigurationIsVisible = 0;
			defaultConfigurationName = Release;
		};
/* End XCConfigurationList section */

/* Begin XCVersionGroup section */
		7CDA8FD124E83E5200382B4F /* demoCore.xcdatamodeld */ = {
			isa = XCVersionGroup;
			children = (
				7CDA8FD224E83E5200382B4F /* demoCore.xcdatamodel */,
			);
			currentVersion = 7CDA8FD224E83E5200382B4F /* demoCore.xcdatamodel */;
			path = demoCore.xcdatamodeld;
			sourceTree = "<group>";
			versionGroupType = wrapper.xcdatamodel;
		};
/* End XCVersionGroup section */
	};
	rootObject = 7CDA8FC224E83E5100382B4F /* Project object */;
}
